<Project xmlns="http://schemas.microsoft.com/developer/msbuild/2003">
    <PropertyGroup>
        <ProjectGuid>{B4F28059-8403-4284-9459-1AC38D414EC4}</ProjectGuid>
        <MainSource>PetiscoDashboard.dpr</MainSource>
        <Base>True</Base>
        <Config Condition="'$(Config)'==''">Release</Config>
        <TargetedPlatforms>1</TargetedPlatforms>
        <AppType>Application</AppType>
        <FrameworkType>VCL</FrameworkType>
        <ProjectVersion>18.0</ProjectVersion>
        <Platform Condition="'$(Platform)'==''">Win32</Platform>
    </PropertyGroup>
    <PropertyGroup Condition="'$(Config)'=='Base' or '$(Base)'!=''">
        <Base>true</Base>
    </PropertyGroup>
    <PropertyGroup Condition="('$(Platform)'=='Win32' and '$(Base)'=='true') or '$(Base_Win32)'!=''">
        <Base_Win32>true</Base_Win32>
        <CfgParent>Base</CfgParent>
        <Base>true</Base>
    </PropertyGroup>
    <PropertyGroup Condition="('$(Platform)'=='Win64' and '$(Base)'=='true') or '$(Base_Win64)'!=''">
        <Base_Win64>true</Base_Win64>
        <CfgParent>Base</CfgParent>
        <Base>true</Base>
    </PropertyGroup>
    <PropertyGroup Condition="'$(Config)'=='Release' or '$(Cfg_1)'!=''">
        <Cfg_1>true</Cfg_1>
        <CfgParent>Base</CfgParent>
        <Base>true</Base>
    </PropertyGroup>
    <PropertyGroup Condition="('$(Platform)'=='Win32' and '$(Cfg_1)'=='true') or '$(Cfg_1_Win32)'!=''">
        <Cfg_1_Win32>true</Cfg_1_Win32>
        <CfgParent>Cfg_1</CfgParent>
        <Cfg_1>true</Cfg_1>
        <Base>true</Base>
    </PropertyGroup>
    <PropertyGroup Condition="'$(Config)'=='Debug' or '$(Cfg_2)'!=''">
        <Cfg_2>true</Cfg_2>
        <CfgParent>Base</CfgParent>
        <Base>true</Base>
    </PropertyGroup>
    <PropertyGroup Condition="('$(Platform)'=='Win32' and '$(Cfg_2)'=='true') or '$(Cfg_2_Win32)'!=''">
        <Cfg_2_Win32>true</Cfg_2_Win32>
        <CfgParent>Cfg_2</CfgParent>
        <Cfg_2>true</Cfg_2>
        <Base>true</Base>
    </PropertyGroup>
    <PropertyGroup Condition="'$(Base)'!=''">
        <FeatureFilesAdded>Interbase;DB2;Firebird;SQLite</FeatureFilesAdded>
        <DebugSourcePath>.\src\;$(DebugSourcePath)</DebugSourcePath>
        <DCC_S>false</DCC_S>
        <DCC_UnitSearchPath>.\src;$(DCC_UnitSearchPath)</DCC_UnitSearchPath>
        <DCC_E>false</DCC_E>
        <DCC_UsePackage>rtl;vcl;vclx;indy;inet;xmlrtl;vclie;inetdbbde;inetdbxpress;dbrtl;dsnap;dsnapcon;vcldb;soaprtl;VclSmp;dbexpress;dbxcds;inetdb;bdertl;vcldbx;webdsnap;websnap;adortl;ibxpress;teeui;teedb;tee;dss;visualclx;visualdbclx;vclactnband;vclshlctrls;dclOfficeXP;JclVcl;Jcl;JvCore;JvSystem;JvStdCtrls;JvAppFrm;JvBands;JvDB;JvDlgs;JvBDE;JvControls;JvCmp;JvCrypt;JvCustom;JvDocking;JvDotNetCtrls;JvGlobus;JvHMI;JvJans;JvManagedThreads;JvMM;JvNet;JvPageComps;JvPascalInterpreter;JclDeveloperTools;JvPluginSystem;JvPrintPreview;JvRuntimeDesign;JvTimeFramework;JvWizards;JvXPCtrls;JclContainers;qrpt;$(DCC_UsePackage)</DCC_UsePackage>
        <DCC_F>false</DCC_F>
        <SanitizedProjectName>PetiscoDashboard</SanitizedProjectName>
        <VerInfo_Locale>1046</VerInfo_Locale>
        <DCC_ImageBase>00400000</DCC_ImageBase>
        <DCC_Namespace>Vcl;Vcl.Imaging;Vcl.Touch;Vcl.Samples;Vcl.Shell;System;Xml;Data;Datasnap;Web;Soap;Winapi;VCLTee;System.Win;$(DCC_Namespace)</DCC_Namespace>
        <DCC_DebugInformation>1</DCC_DebugInformation>
        <DCC_N>true</DCC_N>
        <DCC_K>false</DCC_K>
        <DCC_SymbolReferenceInfo>1</DCC_SymbolReferenceInfo>
        <VerInfo_Keys>CompanyName=;FileDescription=;FileVersion=1.0.0.0;InternalName=;LegalCopyright=;LegalTrademarks=;OriginalFilename=;ProductName=;ProductVersion=1.0.0.0;Comments=</VerInfo_Keys>
    </PropertyGroup>
    <PropertyGroup Condition="'$(Base_Win32)'!=''">
        <DCC_ExeOutput>H:\wrk\soft_eng\petisco\</DCC_ExeOutput>
        <VerInfo_IncludeVerInfo>true</VerInfo_IncludeVerInfo>
        <VerInfo_Locale>1033</VerInfo_Locale>
        <Manifest_File>$(BDS)\bin\default_app.manifest</Manifest_File>
        <AppEnableRuntimeThemes>true</AppEnableRuntimeThemes>
        <DCC_Namespace>Data.Win;Datasnap.Win;Web.Win;Soap.Win;Xml.Win;Bde;$(DCC_Namespace)</DCC_Namespace>
        <Icon_MainIcon>PetiscoDashboard_Icon.ico</Icon_MainIcon>
    </PropertyGroup>
    <PropertyGroup Condition="'$(Base_Win64)'!=''">
        <Icon_MainIcon>PetiscoDashboard_Icon.ico</Icon_MainIcon>
    </PropertyGroup>
    <PropertyGroup Condition="'$(Cfg_1)'!=''">
        <DCC_SymbolReferenceInfo>0</DCC_SymbolReferenceInfo>
        <DCC_LocalDebugSymbols>false</DCC_LocalDebugSymbols>
        <DCC_Define>RELEASE;$(DCC_Define)</DCC_Define>
        <DCC_DebugInformation>0</DCC_DebugInformation>
    </PropertyGroup>
    <PropertyGroup Condition="'$(Cfg_1_Win32)'!=''">
        <DCC_ExeOutput>c:\wrk\soft_eng\petisco\</DCC_ExeOutput>
        <VerInfo_IncludeVerInfo>true</VerInfo_IncludeVerInfo>
        <VerInfo_Locale>1033</VerInfo_Locale>
        <AppEnableHighDPI>true</AppEnableHighDPI>
        <AppEnableRuntimeThemes>true</AppEnableRuntimeThemes>
    </PropertyGroup>
    <PropertyGroup Condition="'$(Cfg_2)'!=''">
        <DCC_GenerateStackFrames>true</DCC_GenerateStackFrames>
        <DCC_Optimize>false</DCC_Optimize>
        <DCC_Define>DEBUG;$(DCC_Define)</DCC_Define>
    </PropertyGroup>
    <PropertyGroup Condition="'$(Cfg_2_Win32)'!=''">
        <DCC_ExeOutput>c:\wrk\softs_eng\petisco\</DCC_ExeOutput>
        <VerInfo_IncludeVerInfo>true</VerInfo_IncludeVerInfo>
        <VerInfo_Locale>1033</VerInfo_Locale>
        <AppEnableHighDPI>true</AppEnableHighDPI>
        <AppEnableRuntimeThemes>true</AppEnableRuntimeThemes>
    </PropertyGroup>
    <ItemGroup>
        <DelphiCompile Include="$(MainSource)">
            <MainSource>MainSource</MainSource>
        </DelphiCompile>
        <DCCReference Include="UnPetiscoDashboardView.pas">
            <Form>PetiscoDashBoardView</Form>
        </DCCReference>
        <DCCReference Include="src\Componentes.pas"/>
        <DCCReference Include="src\UnProduto.pas"/>
        <DCCReference Include="src\UnPetiscoDashBoardModelo.pas">
            <Form>PetiscoDashBoardModelo</Form>
            <DesignClass>TDataModule</DesignClass>
        </DCCReference>
        <DCCReference Include="src\ProdutoAplicacao.pas"/>
        <DCCReference Include="src\UnProdutoListaRegistrosModelo.pas"/>
        <DCCReference Include="src\UnProdutoListaRegistrosView.pas">
            <Form>ProdutoListaRegistrosView</Form>
        </DCCReference>
        <DCCReference Include="src\UnProdutoPesquisaModelo.pas">
            <Form>ProdutoPesquisaModelo</Form>
        </DCCReference>
        <DCCReference Include="src\UnProdutoRegistroModelo.pas"/>
        <DCCReference Include="src\UnProdutoRegistroView.pas">
            <Form>ProdutoRegistroView</Form>
        </DCCReference>
        <DCCReference Include="src\UnModelo.pas">
            <Form>Modelo</Form>
            <DesignClass>TDataModule</DesignClass>
        </DCCReference>
        <DCCReference Include="src\UnClienteListaRegistrosView.pas">
            <Form>ClienteListaRegistrosView</Form>
        </DCCReference>
        <DCCReference Include="src\UnClienteListaRegistrosModelo.pas">
            <Form>ClienteListaRegistrosModelo</Form>
            <DesignClass>TDataModule</DesignClass>
        </DCCReference>
        <DCCReference Include="src\UnClienteRegistroView.pas">
            <Form>ClienteRegistroView</Form>
        </DCCReference>
        <DCCReference Include="src\UnClienteRegistroModelo.pas">
            <Form>ClienteRegistroModelo</Form>
            <DesignClass>TDataModule</DesignClass>
        </DCCReference>
        <DCCReference Include="src\ClienteAplicacao.pas"/>
        <DCCReference Include="src\UnFornecedorListaRegistrosView.pas">
            <Form>FornecedorListaRegistrosView</Form>
        </DCCReference>
        <DCCReference Include="src\UnFornecedorListaRegistrosModelo.pas">
            <Form>FornecedorListaRegistrosModelo</Form>
            <DesignClass>TDataModule</DesignClass>
        </DCCReference>
        <DCCReference Include="src\UnFornecedorRegistroModelo.pas">
            <Form>FornecedorRegistroModelo</Form>
            <DesignClass>TDataModule</DesignClass>
        </DCCReference>
        <DCCReference Include="src\UnFornecedorRegistroView.pas">
            <Form>FornecedorRegistroView</Form>
        </DCCReference>
        <DCCReference Include="src\FornecedorAplicacao.pas"/>
        <DCCReference Include="src\CaixaAplicacao.pas"/>
        <DCCReference Include="src\UnCaixaMenuView.pas">
            <Form>CaixaMenuView</Form>
        </DCCReference>
        <DCCReference Include="src\UnCaixaModelo.pas">
            <Form>CaixaModelo</Form>
            <DesignClass>TDataModule</DesignClass>
        </DCCReference>
        <DCCReference Include="src\UnCaixaRegistroView.pas">
            <Form>CaixaRegistroView</Form>
        </DCCReference>
        <DCCReference Include="src\UsuarioAplicacao.pas"/>
        <DCCReference Include="src\UnUsuarioListaRegistrosModelo.pas">
            <Form>UsuarioListaRegistrosModelo</Form>
            <DesignClass>TDataModule</DesignClass>
        </DCCReference>
        <DCCReference Include="src\UnUsuarioListaRegistrosView.pas">
            <Form>UsuarioListaRegistrosView</Form>
        </DCCReference>
        <DCCReference Include="src\UnUsuarioRegistroModelo.pas">
            <Form>UsuarioRegistroModelo</Form>
            <DesignClass>TDataModule</DesignClass>
        </DCCReference>
        <DCCReference Include="src\UnUsuarioRegistroView.pas">
            <Form>UsuarioRegistroView</Form>
        </DCCReference>
        <DCCReference Include="src\UnAplicacao.pas"/>
        <DCCReference Include="src\UnContasPagarRegistroView.pas">
            <Form>ContasPagarRegistroView</Form>
        </DCCReference>
        <DCCReference Include="src\UnContasPagarListaRegistrosView.pas">
            <Form>ContasPagarListaRegistrosView</Form>
        </DCCReference>
        <DCCReference Include="src\UnContasPagarListaRegistrosModelo.pas">
            <Form>ContasPagarListaRegistrosModelo</Form>
            <DesignClass>TDataModule</DesignClass>
        </DCCReference>
        <DCCReference Include="src\UnContasPagarRegistroModelo.pas">
            <Form>ContasPagarRegistroModelo</Form>
            <DesignClass>TDataModule</DesignClass>
        </DCCReference>
        <DCCReference Include="src\ContasPagarAplicacao.pas"/>
        <DCCReference Include="src\UnFornecedorPesquisaModelo.pas">
            <Form>FornecedorPesquisaModelo</Form>
            <DesignClass>TDataModule</DesignClass>
        </DCCReference>
        <DCCReference Include="src\UnCategoriaPesquisaModelo.pas">
            <Form>CategoriaPesquisaModelo</Form>
            <DesignClass>TDataModule</DesignClass>
        </DCCReference>
        <DCCReference Include="src\ConectorDeControles.pas"/>
        <DCCReference Include="src\UnCentroDeResultadoPesquisaModelo.pas">
            <Form>CentroDeResultadoPesquisaModelo</Form>
            <DesignClass>TDataModule</DesignClass>
        </DCCReference>
        <DCCReference Include="src\SearchUtil.pas"/>
        <DCCReference Include="src\DataUtil.pas"/>
        <DCCReference Include="src\Util.pas"/>
        <DCCReference Include="src\UnMensagemView.pas">
            <Form>MensagemView</Form>
        </DCCReference>
        <DCCReference Include="src\UnMenuView.pas">
            <Form>MenuView</Form>
        </DCCReference>
        <DCCReference Include="src\UnCentroDeResultadoRegistroView.pas">
            <Form>CentroDeResultadoRegistroView</Form>
        </DCCReference>
        <DCCReference Include="src\UnCentroDeResultadoRegistroModelo.pas">
            <Form>CentroDeResultadoRegistroModelo</Form>
            <DesignClass>TDataModule</DesignClass>
        </DCCReference>
        <DCCReference Include="src\UnCentroDeResultadoListaRegistrosView.pas">
            <Form>CentroDeResultadoListaRegistrosView</Form>
        </DCCReference>
        <DCCReference Include="src\UnCentroDeResultadoListaRegistrosModelo.pas">
            <Form>CentroDeResultadoListaRegistrosModelo</Form>
            <DesignClass>TDataModule</DesignClass>
        </DCCReference>
        <DCCReference Include="src\CentroDeResultadoAplicacao.pas"/>
        <DCCReference Include="src\UnCategoriaRegistroView.pas">
            <Form>CategoriaRegistroView</Form>
        </DCCReference>
        <DCCReference Include="src\UnCategoriaRegistroModelo.pas">
            <Form>CategoriaRegistroModelo</Form>
            <DesignClass>TDataModule</DesignClass>
        </DCCReference>
        <DCCReference Include="src\CategoriaAplicacao.pas"/>
        <DCCReference Include="src\UnMovimentoDeContaCorrenteRegistroView.pas">
            <Form>MovimentoDeContaCorrenteRegistroView</Form>
        </DCCReference>
        <DCCReference Include="src\UnMovimentoDeContaCorrenteListaRegistrosView.pas">
            <Form>MovimentoDeContaCorrenteListaRegistrosView</Form>
        </DCCReference>
        <DCCReference Include="src\MovimentoDeContaCorrenteAplicacao.pas"/>
        <DCCReference Include="src\UnMovimentoDeContaCorrenteListaRegistrosModelo.pas">
            <Form>MovimentoDeContaCorrenteListaRegistrosmodelo</Form>
            <DesignClass>TDataModule</DesignClass>
        </DCCReference>
        <DCCReference Include="src\UnMovimentoDeContaCorrenteRegistroModelo.pas">
            <Form>MovimentoDeContaCorrenteRegistroModelo</Form>
            <DesignClass>TDataModule</DesignClass>
        </DCCReference>
        <DCCReference Include="src\UnContaCorrenteRegistroView.pas">
            <Form>ContaCorrenteRegistroView</Form>
        </DCCReference>
        <DCCReference Include="src\UnContaCorrenteListaRegistrosView.pas">
            <Form>ContaCorrenteListaRegistrosView</Form>
        </DCCReference>
        <DCCReference Include="src\ContaCorrenteAplicacao.pas"/>
        <DCCReference Include="src\UnContaCorrenteRegistroModelo.pas">
            <Form>ContaCorrenteRegistroModelo</Form>
            <DesignClass>TDataModule</DesignClass>
        </DCCReference>
        <DCCReference Include="src\UnContaCorrenteListaRegistrosModelo.pas">
            <Form>ContaCorrenteListaRegistrosModelo</Form>
            <DesignClass>TDataModule</DesignClass>
        </DCCReference>
        <DCCReference Include="src\UnBancoPesquisaModelo.pas">
            <Form>BancoPesquisaModelo</Form>
            <DesignClass>TDataModule</DesignClass>
        </DCCReference>
        <DCCReference Include="src\UnOperacaoDeMovimentoDeContaCorrentePesquisaModelo.pas">
            <Form>OperacaoDeMovimentoDeContaCorrentePesquisaModelo</Form>
            <DesignClass>TDataModule</DesignClass>
        </DCCReference>
        <DCCReference Include="src\UnContaCorrentePesquisaModelo.pas">
            <Form>ContaCorrentePesquisaModelo</Form>
            <DesignClass>TDataModule</DesignClass>
        </DCCReference>
        <DCCReference Include="src\UnFornecedorProdutoView.pas">
            <Form>FornecedorProdutoView</Form>
        </DCCReference>
        <DCCReference Include="src\UnMovimentoDeContaCorrenteImpressaoView.pas">
            <Form>MovimentoDeContaCorrenteImpressaoView</Form>
        </DCCReference>
        <DCCReference Include="src\MovimentoDeCaixaAplicacao.pas"/>
        <DCCReference Include="src\UnMovimentoDeCaixaListaRegistrosModelo.pas">
            <Form>MovimentoDeCaixaListaRegistrosModelo</Form>
            <DesignClass>TDataModule</DesignClass>
        </DCCReference>
        <DCCReference Include="src\UnMovimentoDeCaixaListaRegistrosView.pas">
            <Form>MovimentoDeCaixaListaRegistrosView</Form>
        </DCCReference>
        <DCCReference Include="src\UnMovimentoDeCaixaRegistroModelo.pas">
            <Form>MovimentoDeCaixaRegistroModelo</Form>
            <DesignClass>TDataModule</DesignClass>
        </DCCReference>
        <DCCReference Include="src\UnMovimentoDeCaixaRegistroView.pas">
            <Form>MovimentoDeCaixaRegistroView</Form>
        </DCCReference>
        <DCCReference Include="src\UnMovimentoDeCaixaImpressaoView.pas">
            <Form>MovimentoDeCaixaImpressaoView</Form>
        </DCCReference>
        <DCCReference Include="src\ContasReceberAplicacao.pas"/>
        <DCCReference Include="src\UnContasReceberListaRegistrosModelo.pas">
            <Form>ContasReceberListaRegistrosModelo</Form>
            <DesignClass>TDataModule</DesignClass>
        </DCCReference>
        <DCCReference Include="src\UnContasReceberListaRegistrosView.pas">
            <Form>ContasReceberListaRegistrosView</Form>
        </DCCReference>
        <DCCReference Include="src\UnContasReceberRegistroModelo.pas">
            <Form>ContasReceberRegistroModelo</Form>
            <DesignClass>TDataModule</DesignClass>
        </DCCReference>
        <DCCReference Include="src\UnContasReceberRegistroView.pas">
            <Form>ContasReceberRegistroView</Form>
        </DCCReference>
        <DCCReference Include="src\UnClientePesquisaModelo.pas">
            <Form>ClientePesquisaModelo</Form>
            <DesignClass>TDataModule</DesignClass>
        </DCCReference>
        <DCCReference Include="src\UnOperacaoDeMovimentoDeCaixaPesquisaModelo.pas">
            <Form>OperacaoDeMovimentoDeCaixaPesquisaModelo</Form>
            <DesignClass>TDataModule</DesignClass>
        </DCCReference>
        <DCCReference Include="src\RelatorioAplicacao.pas"/>
        <DCCReference Include="src\UnRelatorioModelo.pas">
            <Form>RelatorioModelo</Form>
            <DesignClass>TDataModule</DesignClass>
        </DCCReference>
        <DCCReference Include="src\UnRelatorioView.pas">
            <Form>RelatorioView</Form>
        </DCCReference>
        <DCCReference Include="src\Relatorios.pas"/>
        <DCCReference Include="src\UnFabricaDeModelos.pas"/>
        <DCCReference Include="src\Dominio.pas"/>
        <DCCReference Include="src\UnRelatorioTemplate.pas">
            <Form>RelatorioTemplateView</Form>
        </DCCReference>
        <DCCReference Include="src\UnFabricaDeDominios.pas">
            <Form>FabricaDeDominio</Form>
            <DesignClass>TDataModule</DesignClass>
        </DCCReference>
        <DCCReference Include="src\UnResultadoGeralMesRelatorio.pas">
            <Form>ResultadoGeralMesRelatorio</Form>
        </DCCReference>
        <DCCReference Include="src\UnResultadoGeralAnoRelatorio.pas">
            <Form>ResultadoGeralAnoRelatorio</Form>
        </DCCReference>
        <DCCReference Include="src\FechamentoDeContaAplicacao.pas"/>
        <DCCReference Include="src\UnFechamentoDeContaModelo.pas">
            <Form>FechamentoDeContaModelo</Form>
            <FormType>dfm</FormType>
            <DesignClass>TDataModule</DesignClass>
        </DCCReference>
        <DCCReference Include="src\UnFechamentoDeContaView.pas">
            <Form>FechamentoDeContaView</Form>
            <FormType>dfm</FormType>
        </DCCReference>
        <BuildConfiguration Include="Debug">
            <Key>Cfg_2</Key>
            <CfgParent>Base</CfgParent>
        </BuildConfiguration>
        <BuildConfiguration Include="Base">
            <Key>Base</Key>
        </BuildConfiguration>
        <BuildConfiguration Include="Release">
            <Key>Cfg_1</Key>
            <CfgParent>Base</CfgParent>
        </BuildConfiguration>
    </ItemGroup>
    <ProjectExtensions>
        <Borland.Personality>Delphi.Personality.12</Borland.Personality>
        <Borland.ProjectType/>
        <BorlandProject>
            <Delphi.Personality>
                <Source>
                    <Source Name="MainSource">PetiscoDashboard.dpr</Source>
                </Source>
                <Excluded_Packages>
                    <Excluded_Packages Name="$(BDSBIN)\bcboffice2k230.bpl">Embarcadero C++Builder Office 2000 Servers Package</Excluded_Packages>
                    <Excluded_Packages Name="$(BDSBIN)\bcbofficexp230.bpl">Embarcadero C++Builder Office XP Servers Package</Excluded_Packages>
                    <Excluded_Packages Name="$(BDSBIN)\dcloffice2k230.bpl">Microsoft Office 2000 Sample Automation Server Wrapper Components</Excluded_Packages>
                    <Excluded_Packages Name="$(BDSBIN)\dclofficexp230.bpl">Microsoft Office XP Sample Automation Server Wrapper Components</Excluded_Packages>
                </Excluded_Packages>
            </Delphi.Personality>
            <Platforms>
                <Platform value="Win32">True</Platform>
                <Platform value="Win64">False</Platform>
            </Platforms>
            <Deployment Version="2">
                <DeployFile LocalName="$(BDS)\bin64\dbxadapter.dll" Configuration="Debug" Class="File">
                    <Platform Name="Win64">
                        <Overwrite>true</Overwrite>
                    </Platform>
                </DeployFile>
                <DeployFile LocalName="$(BDS)\bin\midas.dll" Configuration="Release" Class="File">
                    <Platform Name="Win32">
                        <Overwrite>true</Overwrite>
                    </Platform>
                </DeployFile>
                <DeployFile LocalName="$(BDS)\bin\dbxfb.dll" Configuration="Debug" Class="File">
                    <Platform Name="Win32">
                        <Overwrite>true</Overwrite>
                    </Platform>
                </DeployFile>
                <DeployFile LocalName="$(BDS)\bin64\dbxfb.dll" Configuration="Release" Class="File">
                    <Platform Name="Win64">
                        <Overwrite>true</Overwrite>
                    </Platform>
                </DeployFile>
                <DeployFile LocalName="$(BDS)\bin\midas.dll" Configuration="Debug" Class="File">
                    <Platform Name="Win32">
                        <Overwrite>true</Overwrite>
                    </Platform>
                </DeployFile>
                <DeployFile LocalName="$(BDS)\bin64\midas.dll" Configuration="Debug" Class="File">
                    <Platform Name="Win64">
                        <Overwrite>true</Overwrite>
                    </Platform>
                </DeployFile>
                <DeployFile LocalName="$(BDS)\bin64\midas.dll" Configuration="Release" Class="File">
                    <Platform Name="Win64">
                        <Overwrite>true</Overwrite>
                    </Platform>
                </DeployFile>
                <DeployFile LocalName="$(BDS)\redist\osx32\libsqlfb.dylib" Configuration="Release" Class="File">
                    <Platform Name="OSX32">
                        <RemoteDir>Contents\MacOS\</RemoteDir>
                        <Overwrite>true</Overwrite>
                    </Platform>
                </DeployFile>
                <DeployFile LocalName="$(BDS)\redist\osx32\libsqladapter.dylib" Configuration="Debug" Class="File">
                    <Platform Name="OSX32">
                        <RemoteDir>Contents\MacOS\</RemoteDir>
                        <Overwrite>true</Overwrite>
                    </Platform>
                </DeployFile>
                <DeployFile LocalName="$(BDS)\bin\dbxfb.dll" Configuration="Release" Class="File">
                    <Platform Name="Win32">
                        <Overwrite>true</Overwrite>
                    </Platform>
                </DeployFile>
                <DeployFile LocalName="$(BDS)\bin\dbxadapter.dll" Configuration="Release" Class="File">
                    <Platform Name="Win32">
                        <Overwrite>true</Overwrite>
                    </Platform>
                </DeployFile>
                <DeployFile LocalName="$(BDS)\redist\iossimulator\libmidas.dylib" Configuration="Release" Class="File">
                    <Platform Name="iOSSimulator">
                        <Overwrite>true</Overwrite>
                    </Platform>
                </DeployFile>
                <DeployFile LocalName="$(BDS)\bin64\dbxadapter.dll" Configuration="Release" Class="File">
                    <Platform Name="Win64">
                        <Overwrite>true</Overwrite>
                    </Platform>
                </DeployFile>
                <DeployFile LocalName="$(BDS)\redist\osx32\libsqladapter.dylib" Configuration="Release" Class="File">
                    <Platform Name="iOSSimulator">
                        <Overwrite>true</Overwrite>
                    </Platform>
                </DeployFile>
                <DeployFile LocalName="PetiscoDashboard.exe" Configuration="Release" Class="ProjectOutput">
                    <Platform Name="Win32">
                        <RemoteName>PetiscoDashboard.exe</RemoteName>
                        <Overwrite>false</Overwrite>
                    </Platform>
                </DeployFile>
                <DeployFile LocalName="$(BDS)\bin64\dbxfb.dll" Configuration="Debug" Class="File">
                    <Platform Name="Win64">
                        <Overwrite>true</Overwrite>
                    </Platform>
                </DeployFile>
                <DeployFile LocalName="PetiscoDashboard.exe" Configuration="Debug" Class="ProjectOutput">
                    <Platform Name="Win32">
                        <RemoteName>PetiscoDashboard.exe</RemoteName>
                        <Overwrite>true</Overwrite>
                    </Platform>
                </DeployFile>
                <DeployFile LocalName="$(BDS)\redist\osx32\libmidas.dylib" Configuration="Debug" Class="File">
                    <Platform Name="OSX32">
                        <RemoteDir>Contents\MacOS\</RemoteDir>
                        <Overwrite>true</Overwrite>
                    </Platform>
                </DeployFile>
                <DeployFile LocalName="$(BDS)\redist\osx32\libsqladapter.dylib" Configuration="Release" Class="File">
                    <Platform Name="OSX32">
                        <RemoteDir>Contents\MacOS\</RemoteDir>
                        <Overwrite>true</Overwrite>
                    </Platform>
                </DeployFile>
                <DeployFile LocalName="$(BDS)\redist\osx32\libsqlfb.dylib" Configuration="Debug" Class="File">
                    <Platform Name="OSX32">
                        <RemoteDir>Contents\MacOS\</RemoteDir>
                        <Overwrite>true</Overwrite>
                    </Platform>
                </DeployFile>
                <DeployFile LocalName="$(BDS)\bin\dbxadapter.dll" Configuration="Debug" Class="File">
                    <Platform Name="Win32">
                        <Overwrite>true</Overwrite>
                    </Platform>
                </DeployFile>
                <DeployFile LocalName="$(BDS)\redist\osx32\libsqladapter.dylib" Configuration="Debug" Class="File">
                    <Platform Name="iOSSimulator">
                        <Overwrite>true</Overwrite>
                    </Platform>
                </DeployFile>
                <DeployFile LocalName="$(BDS)\redist\osx32\libmidas.dylib" Configuration="Release" Class="File">
                    <Platform Name="OSX32">
                        <RemoteDir>Contents\MacOS\</RemoteDir>
                        <Overwrite>true</Overwrite>
                    </Platform>
                </DeployFile>
                <DeployFile LocalName="$(BDS)\redist\iossimulator\libmidas.dylib" Configuration="Debug" Class="File">
                    <Platform Name="iOSSimulator">
                        <Overwrite>true</Overwrite>
                    </Platform>
                </DeployFile>
                <DeployClass Name="DependencyModule">
                    <Platform Name="Win32">
                        <Operation>0</Operation>
                        <Extensions>.dll;.bpl</Extensions>
                    </Platform>
                    <Platform Name="iOSDevice64">
                        <Operation>1</Operation>
                        <Extensions>.dylib</Extensions>
                    </Platform>
                    <Platform Name="OSX32">
                        <RemoteDir>Contents\MacOS</RemoteDir>
                        <Operation>1</Operation>
                        <Extensions>.dylib</Extensions>
                    </Platform>
                    <Platform Name="iOSDevice32">
                        <Operation>1</Operation>
                        <Extensions>.dylib</Extensions>
                    </Platform>
                    <Platform Name="iOSSimulator">
                        <Operation>1</Operation>
                        <Extensions>.dylib</Extensions>
                    </Platform>
                </DeployClass>
                <DeployClass Name="ProjectOSXResource">
                    <Platform Name="OSX32">
                        <RemoteDir>Contents\Resources</RemoteDir>
                        <Operation>1</Operation>
                    </Platform>
                </DeployClass>
                <DeployClass Name="AndroidClassesDexFile">
                    <Platform Name="Android">
                        <RemoteDir>classes</RemoteDir>
                        <Operation>1</Operation>
                    </Platform>
                </DeployClass>
                <DeployClass Name="AdditionalDebugSymbols">
                    <Platform Name="Win32">
                        <RemoteDir>Contents\MacOS</RemoteDir>
                        <Operation>0</Operation>
                    </Platform>
                    <Platform Name="iOSSimulator">
                        <Operation>1</Operation>
                    </Platform>
                    <Platform Name="OSX32">
                        <RemoteDir>Contents\MacOS</RemoteDir>
                        <Operation>1</Operation>
                    </Platform>
                </DeployClass>
                <DeployClass Name="iPad_Launch768">
                    <Platform Name="iOSSimulator">
                        <Operation>1</Operation>
                    </Platform>
                    <Platform Name="iOSDevice64">
                        <Operation>1</Operation>
                    </Platform>
                    <Platform Name="iOSDevice32">
                        <Operation>1</Operation>
                    </Platform>
                </DeployClass>
                <DeployClass Name="Android_LauncherIcon144">
                    <Platform Name="Android">
                        <RemoteDir>res\drawable-xxhdpi</RemoteDir>
                        <Operation>1</Operation>
                    </Platform>
                </DeployClass>
                <DeployClass Name="AndroidLibnativeMipsFile">
                    <Platform Name="Android">
                        <RemoteDir>library\lib\mips</RemoteDir>
                        <Operation>1</Operation>
                    </Platform>
                </DeployClass>
                <DeployClass Required="true" Name="ProjectOutput">
                    <Platform Name="Win32">
                        <Operation>0</Operation>
                    </Platform>
                    <Platform Name="iOSDevice64">
                        <Operation>1</Operation>
                    </Platform>
                    <Platform Name="OSX32">
                        <RemoteDir>Contents\MacOS</RemoteDir>
                        <Operation>1</Operation>
                    </Platform>
                    <Platform Name="iOSDevice32">
                        <Operation>1</Operation>
                    </Platform>
                    <Platform Name="Android">
                        <RemoteDir>library\lib\armeabi-v7a</RemoteDir>
                        <Operation>1</Operation>
                    </Platform>
                    <Platform Name="iOSSimulator">
                        <Operation>1</Operation>
                    </Platform>
                </DeployClass>
                <DeployClass Name="DependencyFramework">
                    <Platform Name="Win32">
                        <Operation>0</Operation>
                    </Platform>
                    <Platform Name="OSX32">
                        <RemoteDir>Contents\MacOS</RemoteDir>
                        <Operation>1</Operation>
                        <Extensions>.framework</Extensions>
                    </Platform>
                </DeployClass>
                <DeployClass Name="iPhone_Launch640">
                    <Platform Name="iOSSimulator">
                        <Operation>1</Operation>
                    </Platform>
                    <Platform Name="iOSDevice64">
                        <Operation>1</Operation>
                    </Platform>
                    <Platform Name="iOSDevice32">
                        <Operation>1</Operation>
                    </Platform>
                </DeployClass>
                <DeployClass Name="iPad_Launch1024">
                    <Platform Name="iOSSimulator">
                        <Operation>1</Operation>
                    </Platform>
                    <Platform Name="iOSDevice64">
                        <Operation>1</Operation>
                    </Platform>
                    <Platform Name="iOSDevice32">
                        <Operation>1</Operation>
                    </Platform>
                </DeployClass>
                <DeployClass Name="ProjectiOSDeviceDebug">
                    <Platform Name="iOSDevice64">
                        <RemoteDir>..\$(PROJECTNAME).app.dSYM\Contents\Resources\DWARF</RemoteDir>
                        <Operation>1</Operation>
                    </Platform>
                    <Platform Name="iOSDevice32">
                        <RemoteDir>..\$(PROJECTNAME).app.dSYM\Contents\Resources\DWARF</RemoteDir>
                        <Operation>1</Operation>
                    </Platform>
                </DeployClass>
                <DeployClass Name="AndroidLibnativeX86File">
                    <Platform Name="Android">
                        <RemoteDir>library\lib\x86</RemoteDir>
                        <Operation>1</Operation>
                    </Platform>
                </DeployClass>
                <DeployClass Name="iPhone_Launch320">
                    <Platform Name="iOSSimulator">
                        <Operation>1</Operation>
                    </Platform>
                    <Platform Name="iOSDevice64">
                        <Operation>1</Operation>
                    </Platform>
                    <Platform Name="iOSDevice32">
                        <Operation>1</Operation>
                    </Platform>
                </DeployClass>
                <DeployClass Name="ProjectiOSInfoPList">
                    <Platform Name="iOSSimulator">
                        <Operation>1</Operation>
                    </Platform>
                    <Platform Name="iOSDevice64">
                        <Operation>1</Operation>
                    </Platform>
                    <Platform Name="iOSDevice32">
                        <Operation>1</Operation>
                    </Platform>
                </DeployClass>
                <DeployClass Name="AndroidLibnativeArmeabiFile">
                    <Platform Name="Android">
                        <RemoteDir>library\lib\armeabi</RemoteDir>
                        <Operation>1</Operation>
                    </Platform>
                </DeployClass>
                <DeployClass Name="DebugSymbols">
                    <Platform Name="Win32">
                        <Operation>0</Operation>
                    </Platform>
                    <Platform Name="iOSSimulator">
                        <Operation>1</Operation>
                    </Platform>
                    <Platform Name="OSX32">
                        <RemoteDir>Contents\MacOS</RemoteDir>
                        <Operation>1</Operation>
                    </Platform>
                </DeployClass>
                <DeployClass Name="iPad_Launch1536">
                    <Platform Name="iOSSimulator">
                        <Operation>1</Operation>
                    </Platform>
                    <Platform Name="iOSDevice64">
                        <Operation>1</Operation>
                    </Platform>
                    <Platform Name="iOSDevice32">
                        <Operation>1</Operation>
                    </Platform>
                </DeployClass>
                <DeployClass Name="Android_SplashImage470">
                    <Platform Name="Android">
                        <RemoteDir>res\drawable-normal</RemoteDir>
                        <Operation>1</Operation>
                    </Platform>
                </DeployClass>
                <DeployClass Name="Android_LauncherIcon96">
                    <Platform Name="Android">
                        <RemoteDir>res\drawable-xhdpi</RemoteDir>
                        <Operation>1</Operation>
                    </Platform>
                </DeployClass>
                <DeployClass Name="Android_SplashImage640">
                    <Platform Name="Android">
                        <RemoteDir>res\drawable-large</RemoteDir>
                        <Operation>1</Operation>
                    </Platform>
                </DeployClass>
                <DeployClass Name="iPhone_Launch640x1136">
                    <Platform Name="iOSSimulator">
                        <Operation>1</Operation>
                    </Platform>
                    <Platform Name="iOSDevice64">
                        <Operation>1</Operation>
                    </Platform>
                    <Platform Name="iOSDevice32">
                        <Operation>1</Operation>
                    </Platform>
                </DeployClass>
                <DeployClass Name="ProjectiOSEntitlements">
                    <Platform Name="iOSDevice64">
                        <RemoteDir>../</RemoteDir>
                        <Operation>1</Operation>
                    </Platform>
                    <Platform Name="iOSDevice32">
                        <RemoteDir>../</RemoteDir>
                        <Operation>1</Operation>
                    </Platform>
                </DeployClass>
                <DeployClass Name="Android_LauncherIcon72">
                    <Platform Name="Android">
                        <RemoteDir>res\drawable-hdpi</RemoteDir>
                        <Operation>1</Operation>
                    </Platform>
                </DeployClass>
                <DeployClass Name="AndroidGDBServer">
                    <Platform Name="Android">
                        <RemoteDir>library\lib\armeabi-v7a</RemoteDir>
                        <Operation>1</Operation>
                    </Platform>
                </DeployClass>
                <DeployClass Name="ProjectOSXInfoPList">
                    <Platform Name="OSX32">
                        <RemoteDir>Contents</RemoteDir>
                        <Operation>1</Operation>
                    </Platform>
                </DeployClass>
                <DeployClass Name="ProjectOSXEntitlements">
                    <Platform Name="OSX32">
                        <RemoteDir>../</RemoteDir>
                        <Operation>1</Operation>
                    </Platform>
                </DeployClass>
                <DeployClass Name="iPad_Launch2048">
                    <Platform Name="iOSSimulator">
                        <Operation>1</Operation>
                    </Platform>
                    <Platform Name="iOSDevice64">
                        <Operation>1</Operation>
                    </Platform>
                    <Platform Name="iOSDevice32">
                        <Operation>1</Operation>
                    </Platform>
                </DeployClass>
                <DeployClass Name="AndroidSplashStyles">
                    <Platform Name="Android">
                        <RemoteDir>res\values</RemoteDir>
                        <Operation>1</Operation>
                    </Platform>
                </DeployClass>
                <DeployClass Name="Android_SplashImage426">
                    <Platform Name="Android">
                        <RemoteDir>res\drawable-small</RemoteDir>
                        <Operation>1</Operation>
                    </Platform>
                </DeployClass>
                <DeployClass Name="AndroidSplashImageDef">
                    <Platform Name="Android">
                        <RemoteDir>res\drawable</RemoteDir>
                        <Operation>1</Operation>
                    </Platform>
                </DeployClass>
                <DeployClass Name="ProjectiOSResource">
                    <Platform Name="iOSSimulator">
                        <Operation>1</Operation>
                    </Platform>
                    <Platform Name="iOSDevice64">
                        <Operation>1</Operation>
                    </Platform>
                    <Platform Name="iOSDevice32">
                        <Operation>1</Operation>
                    </Platform>
                </DeployClass>
                <DeployClass Name="ProjectAndroidManifest">
                    <Platform Name="Android">
                        <Operation>1</Operation>
                    </Platform>
                </DeployClass>
                <DeployClass Name="Android_DefaultAppIcon">
                    <Platform Name="Android">
                        <RemoteDir>res\drawable</RemoteDir>
                        <Operation>1</Operation>
                    </Platform>
                </DeployClass>
                <DeployClass Name="File">
                    <Platform Name="Win32">
                        <Operation>0</Operation>
                    </Platform>
                    <Platform Name="iOSDevice64">
                        <Operation>0</Operation>
                    </Platform>
                    <Platform Name="OSX32">
                        <RemoteDir>Contents\Resources\StartUp\</RemoteDir>
                        <Operation>0</Operation>
                    </Platform>
                    <Platform Name="iOSDevice32">
                        <Operation>0</Operation>
                    </Platform>
                    <Platform Name="Android">
                        <Operation>0</Operation>
                    </Platform>
                    <Platform Name="iOSSimulator">
                        <Operation>0</Operation>
                    </Platform>
                </DeployClass>
                <DeployClass Name="AndroidServiceOutput">
                    <Platform Name="Android">
                        <RemoteDir>library\lib\armeabi-v7a</RemoteDir>
                        <Operation>1</Operation>
                    </Platform>
                </DeployClass>
                <DeployClass Required="true" Name="DependencyPackage">
                    <Platform Name="Win32">
                        <Operation>0</Operation>
                        <Extensions>.bpl</Extensions>
                    </Platform>
                    <Platform Name="iOSDevice64">
                        <Operation>1</Operation>
                        <Extensions>.dylib</Extensions>
                    </Platform>
                    <Platform Name="OSX32">
                        <RemoteDir>Contents\MacOS</RemoteDir>
                        <Operation>1</Operation>
                        <Extensions>.dylib</Extensions>
                    </Platform>
                    <Platform Name="iOSDevice32">
                        <Operation>1</Operation>
                        <Extensions>.dylib</Extensions>
                    </Platform>
                    <Platform Name="iOSSimulator">
                        <Operation>1</Operation>
                        <Extensions>.dylib</Extensions>
                    </Platform>
                </DeployClass>
                <DeployClass Name="Android_LauncherIcon48">
                    <Platform Name="Android">
                        <RemoteDir>res\drawable-mdpi</RemoteDir>
                        <Operation>1</Operation>
                    </Platform>
                </DeployClass>
                <DeployClass Name="Android_SplashImage960">
                    <Platform Name="Android">
                        <RemoteDir>res\drawable-xlarge</RemoteDir>
                        <Operation>1</Operation>
                    </Platform>
                </DeployClass>
                <DeployClass Name="Android_LauncherIcon36">
                    <Platform Name="Android">
                        <RemoteDir>res\drawable-ldpi</RemoteDir>
                        <Operation>1</Operation>
                    </Platform>
                </DeployClass>
                <DeployClass Name="ProjectiOSDeviceResourceRules">
                    <Platform Name="iOSDevice64">
                        <Operation>1</Operation>
                    </Platform>
                    <Platform Name="iOSDevice32">
                        <Operation>1</Operation>
                    </Platform>
                </DeployClass>
                <ProjectRoot Platform="iOSDevice64" Name="$(PROJECTNAME).app"/>
                <ProjectRoot Platform="Win64" Name="$(PROJECTNAME)"/>
                <ProjectRoot Platform="iOSDevice32" Name="$(PROJECTNAME).app"/>
                <ProjectRoot Platform="Win32" Name="$(PROJECTNAME)"/>
                <ProjectRoot Platform="OSX32" Name="$(PROJECTNAME).app"/>
                <ProjectRoot Platform="Android" Name="$(PROJECTNAME)"/>
                <ProjectRoot Platform="iOSSimulator" Name="$(PROJECTNAME).app"/>
            </Deployment>
            <ModelSupport>False</ModelSupport>
        </BorlandProject>
        <ProjectFileVersion>12</ProjectFileVersion>
    </ProjectExtensions>
    <Import Project="$(BDS)\Bin\CodeGear.Delphi.Targets" Condition="Exists('$(BDS)\Bin\CodeGear.Delphi.Targets')"/>
    <Import Project="$(APPDATA)\Embarcadero\$(BDSAPPDATABASEDIR)\$(PRODUCTVERSION)\UserTools.proj" Condition="Exists('$(APPDATA)\Embarcadero\$(BDSAPPDATABASEDIR)\$(PRODUCTVERSION)\UserTools.proj')"/>
    <Import Project="$(MSBuildProjectName).deployproj" Condition="Exists('$(MSBuildProjectName).deployproj')"/>
</Project>
